
Microsoft Visual Studio Solution File, Format Version 12.00
# Visual Studio Version 17
VisualStudioVersion = 17.3.32901.215
MinimumVisualStudioVersion = 10.0.40219.1
Project("{9A19103F-16F7-4668-BE54-9A1E7A4F7556}") = "Capstone_HealthCare", "Capstone_HealthCare\Capstone_HealthCare.csproj", "{E52BF1FB-0D0F-4523-BABB-5A1B9FB0CBA2}"
EndProject
Project("{2150E333-8FDC-42A3-9474-1A3956D46DE8}") = "BusinessLogicTier", "BusinessLogicTier", "{37F54C9E-A18A-4994-91AD-DE94DA394F98}"
EndProject
Project("{9A19103F-16F7-4668-BE54-9A1E7A4F7556}") = "BusinessLogicTier", "BusinessLogicTier\BusinessLogicTier\BusinessLogicTier.csproj", "{C0076F39-80AD-4F57-B32C-7B6C36B93E2C}"
EndProject
Project("{2150E333-8FDC-42A3-9474-1A3956D46DE8}") = "DataAccessTier", "DataAccessTier", "{C6A12F66-7EB9-408C-BFA8-75923CAFAE9A}"
EndProject
Project("{9A19103F-16F7-4668-BE54-9A1E7A4F7556}") = "Repository", "DataAccessTier\Repository\Repository.csproj", "{1EAD6BEA-D6DE-4431-BB24-96A368A2501C}"
EndProject
Project("{2150E333-8FDC-42A3-9474-1A3956D46DE8}") = "EntitiesTier", "EntitiesTier", "{C66006FE-D05F-47B2-B459-3709B9855142}"
EndProject
Project("{FAE04EC0-301F-11D3-BF4B-00C04F79EFBC}") = "Entities", "Entities\Entities.csproj", "{C9F75D7D-D9EF-4A3F-B39A-96DB09D9074A}"
EndProject
Global
	GlobalSection(SolutionConfigurationPlatforms) = preSolution
		Debug|Any CPU = Debug|Any CPU
		Release|Any CPU = Release|Any CPU
	EndGlobalSection
	GlobalSection(ProjectConfigurationPlatforms) = postSolution
		{E52BF1FB-0D0F-4523-BABB-5A1B9FB0CBA2}.Debug|Any CPU.ActiveCfg = Debug|Any CPU
		{E52BF1FB-0D0F-4523-BABB-5A1B9FB0CBA2}.Debug|Any CPU.Build.0 = Debug|Any CPU
		{E52BF1FB-0D0F-4523-BABB-5A1B9FB0CBA2}.Release|Any CPU.ActiveCfg = Release|Any CPU
		{E52BF1FB-0D0F-4523-BABB-5A1B9FB0CBA2}.Release|Any CPU.Build.0 = Release|Any CPU
		{C0076F39-80AD-4F57-B32C-7B6C36B93E2C}.Debug|Any CPU.ActiveCfg = Debug|Any CPU
		{C0076F39-80AD-4F57-B32C-7B6C36B93E2C}.Debug|Any CPU.Build.0 = Debug|Any CPU
		{C0076F39-80AD-4F57-B32C-7B6C36B93E2C}.Release|Any CPU.ActiveCfg = Release|Any CPU
		{C0076F39-80AD-4F57-B32C-7B6C36B93E2C}.Release|Any CPU.Build.0 = Release|Any CPU
		{1EAD6BEA-D6DE-4431-BB24-96A368A2501C}.Debug|Any CPU.ActiveCfg = Debug|Any CPU
		{1EAD6BEA-D6DE-4431-BB24-96A368A2501C}.Debug|Any CPU.Build.0 = Debug|Any CPU
		{1EAD6BEA-D6DE-4431-BB24-96A368A2501C}.Release|Any CPU.ActiveCfg = Release|Any CPU
		{1EAD6BEA-D6DE-4431-BB24-96A368A2501C}.Release|Any CPU.Build.0 = Release|Any CPU
		{C9F75D7D-D9EF-4A3F-B39A-96DB09D9074A}.Debug|Any CPU.ActiveCfg = Debug|Any CPU
		{C9F75D7D-D9EF-4A3F-B39A-96DB09D9074A}.Debug|Any CPU.Build.0 = Debug|Any CPU
		{C9F75D7D-D9EF-4A3F-B39A-96DB09D9074A}.Release|Any CPU.ActiveCfg = Release|Any CPU
		{C9F75D7D-D9EF-4A3F-B39A-96DB09D9074A}.Release|Any CPU.Build.0 = Release|Any CPU
	EndGlobalSection
	GlobalSection(SolutionProperties) = preSolution
		HideSolutionNode = FALSE
	EndGlobalSection
	GlobalSection(NestedProjects) = preSolution
		{C0076F39-80AD-4F57-B32C-7B6C36B93E2C} = {37F54C9E-A18A-4994-91AD-DE94DA394F98}
		{1EAD6BEA-D6DE-4431-BB24-96A368A2501C} = {C6A12F66-7EB9-408C-BFA8-75923CAFAE9A}
		{C9F75D7D-D9EF-4A3F-B39A-96DB09D9074A} = {C66006FE-D05F-47B2-B459-3709B9855142}
	EndGlobalSection
	GlobalSection(ExtensibilityGlobals) = postSolution
		SolutionGuid = {FBD950DA-27A1-42C9-A3A1-FC9F7CBFF820}
	EndGlobalSection
EndGlobal
