
Microsoft Visual Studio Solution File, Format Version 12.00
# Visual Studio Version 17
VisualStudioVersion = 17.3.32901.215
MinimumVisualStudioVersion = 10.0.40219.1
Project("{9A19103F-16F7-4668-BE54-9A1E7A4F7556}") = "Capstone_Project", "Capstone_Project.csproj", "{939E29CD-DB4B-4A82-A382-AE0FDCB6BAE4}"
EndProject
Project("{FAE04EC0-301F-11D3-BF4B-00C04F79EFBC}") = "EntityLayer", "..\EntityLayer\EntityLayer.csproj", "{997F26D9-2225-44D1-AE3A-E478E824D517}"
EndProject
Project("{FAE04EC0-301F-11D3-BF4B-00C04F79EFBC}") = "BusinessLogicLayer", "..\BusinessLogicLayer\BusinessLogicLayer.csproj", "{2BCBF45C-94F9-4F7B-9F1A-C30F772B2F69}"
EndProject
Project("{FAE04EC0-301F-11D3-BF4B-00C04F79EFBC}") = "CommonLayer", "..\CommonLayer\CommonLayer.csproj", "{7F4E037D-F685-4182-A7B7-5FF673D0974E}"
EndProject
Global
	GlobalSection(SolutionConfigurationPlatforms) = preSolution
		Debug|Any CPU = Debug|Any CPU
		Release|Any CPU = Release|Any CPU
	EndGlobalSection
	GlobalSection(ProjectConfigurationPlatforms) = postSolution
		{939E29CD-DB4B-4A82-A382-AE0FDCB6BAE4}.Debug|Any CPU.ActiveCfg = Debug|Any CPU
		{939E29CD-DB4B-4A82-A382-AE0FDCB6BAE4}.Debug|Any CPU.Build.0 = Debug|Any CPU
		{939E29CD-DB4B-4A82-A382-AE0FDCB6BAE4}.Release|Any CPU.ActiveCfg = Release|Any CPU
		{939E29CD-DB4B-4A82-A382-AE0FDCB6BAE4}.Release|Any CPU.Build.0 = Release|Any CPU
		{997F26D9-2225-44D1-AE3A-E478E824D517}.Debug|Any CPU.ActiveCfg = Debug|Any CPU
		{997F26D9-2225-44D1-AE3A-E478E824D517}.Debug|Any CPU.Build.0 = Debug|Any CPU
		{997F26D9-2225-44D1-AE3A-E478E824D517}.Release|Any CPU.ActiveCfg = Release|Any CPU
		{997F26D9-2225-44D1-AE3A-E478E824D517}.Release|Any CPU.Build.0 = Release|Any CPU
		{2BCBF45C-94F9-4F7B-9F1A-C30F772B2F69}.Debug|Any CPU.ActiveCfg = Debug|Any CPU
		{2BCBF45C-94F9-4F7B-9F1A-C30F772B2F69}.Debug|Any CPU.Build.0 = Debug|Any CPU
		{2BCBF45C-94F9-4F7B-9F1A-C30F772B2F69}.Release|Any CPU.ActiveCfg = Release|Any CPU
		{2BCBF45C-94F9-4F7B-9F1A-C30F772B2F69}.Release|Any CPU.Build.0 = Release|Any CPU
		{7F4E037D-F685-4182-A7B7-5FF673D0974E}.Debug|Any CPU.ActiveCfg = Debug|Any CPU
		{7F4E037D-F685-4182-A7B7-5FF673D0974E}.Debug|Any CPU.Build.0 = Debug|Any CPU
		{7F4E037D-F685-4182-A7B7-5FF673D0974E}.Release|Any CPU.ActiveCfg = Release|Any CPU
		{7F4E037D-F685-4182-A7B7-5FF673D0974E}.Release|Any CPU.Build.0 = Release|Any CPU
	EndGlobalSection
	GlobalSection(SolutionProperties) = preSolution
		HideSolutionNode = FALSE
	EndGlobalSection
	GlobalSection(ExtensibilityGlobals) = postSolution
		SolutionGuid = {4D4B9BCE-34B1-4B2B-8513-2205989087BD}
	EndGlobalSection
EndGlobal
