
Microsoft Visual Studio Solution File, Format Version 12.00
# Visual Studio Version 17
VisualStudioVersion = 17.3.32901.215
MinimumVisualStudioVersion = 10.0.40219.1
Project("{9A19103F-16F7-4668-BE54-9A1E7A4F7556}") = "Capstone_Project", "Capstone_Project.csproj", "{939E29CD-DB4B-4A82-A382-AE0FDCB6BAE4}"
EndProject
Project("{2150E333-8FDC-42A3-9474-1A3956D46DE8}") = "BusinessLogicTier", "BusinessLogicTier", "{C1D0053C-F73A-4D86-B29A-927ACC67A352}"
EndProject
Project("{FAE04EC0-301F-11D3-BF4B-00C04F79EFBC}") = "BusinessLogicTier", "BusinessLogicTier\BusinessLogicTier.csproj", "{6934B6D0-E659-4078-B6B7-94BB22C4E633}"
EndProject
Project("{2150E333-8FDC-42A3-9474-1A3956D46DE8}") = "DataAccessLayer", "DataAccessLayer", "{6417D8B9-9EDA-442E-A71E-1072D98B6ECA}"
EndProject
Project("{FAE04EC0-301F-11D3-BF4B-00C04F79EFBC}") = "Repository", "Repository\Repository.csproj", "{AEEB7629-491F-403C-BE78-B4230371DBB3}"
	ProjectSection(ProjectDependencies) = postProject
		{3EFB486A-36C1-450F-B13E-E9BF63799445} = {3EFB486A-36C1-450F-B13E-E9BF63799445}
	EndProjectSection
EndProject
Project("{2150E333-8FDC-42A3-9474-1A3956D46DE8}") = "EntitiesTier", "EntitiesTier", "{8EB793A3-F3ED-4507-9449-7ACEA7588557}"
EndProject
Project("{FAE04EC0-301F-11D3-BF4B-00C04F79EFBC}") = "Entities", "Entities\Entities.csproj", "{3EFB486A-36C1-450F-B13E-E9BF63799445}"
EndProject
Global
	GlobalSection(SolutionConfigurationPlatforms) = preSolution
		Debug|Any CPU = Debug|Any CPU
		Release|Any CPU = Release|Any CPU
	EndGlobalSection
	GlobalSection(ProjectConfigurationPlatforms) = postSolution
		{939E29CD-DB4B-4A82-A382-AE0FDCB6BAE4}.Debug|Any CPU.ActiveCfg = Debug|Any CPU
		{939E29CD-DB4B-4A82-A382-AE0FDCB6BAE4}.Debug|Any CPU.Build.0 = Debug|Any CPU
		{939E29CD-DB4B-4A82-A382-AE0FDCB6BAE4}.Release|Any CPU.ActiveCfg = Release|Any CPU
		{939E29CD-DB4B-4A82-A382-AE0FDCB6BAE4}.Release|Any CPU.Build.0 = Release|Any CPU
		{6934B6D0-E659-4078-B6B7-94BB22C4E633}.Debug|Any CPU.ActiveCfg = Debug|Any CPU
		{6934B6D0-E659-4078-B6B7-94BB22C4E633}.Debug|Any CPU.Build.0 = Debug|Any CPU
		{6934B6D0-E659-4078-B6B7-94BB22C4E633}.Release|Any CPU.ActiveCfg = Release|Any CPU
		{6934B6D0-E659-4078-B6B7-94BB22C4E633}.Release|Any CPU.Build.0 = Release|Any CPU
		{AEEB7629-491F-403C-BE78-B4230371DBB3}.Debug|Any CPU.ActiveCfg = Debug|Any CPU
		{AEEB7629-491F-403C-BE78-B4230371DBB3}.Debug|Any CPU.Build.0 = Debug|Any CPU
		{AEEB7629-491F-403C-BE78-B4230371DBB3}.Release|Any CPU.ActiveCfg = Release|Any CPU
		{AEEB7629-491F-403C-BE78-B4230371DBB3}.Release|Any CPU.Build.0 = Release|Any CPU
		{3EFB486A-36C1-450F-B13E-E9BF63799445}.Debug|Any CPU.ActiveCfg = Debug|Any CPU
		{3EFB486A-36C1-450F-B13E-E9BF63799445}.Debug|Any CPU.Build.0 = Debug|Any CPU
		{3EFB486A-36C1-450F-B13E-E9BF63799445}.Release|Any CPU.ActiveCfg = Release|Any CPU
		{3EFB486A-36C1-450F-B13E-E9BF63799445}.Release|Any CPU.Build.0 = Release|Any CPU
	EndGlobalSection
	GlobalSection(SolutionProperties) = preSolution
		HideSolutionNode = FALSE
	EndGlobalSection
	GlobalSection(NestedProjects) = preSolution
		{6934B6D0-E659-4078-B6B7-94BB22C4E633} = {C1D0053C-F73A-4D86-B29A-927ACC67A352}
		{AEEB7629-491F-403C-BE78-B4230371DBB3} = {6417D8B9-9EDA-442E-A71E-1072D98B6ECA}
		{3EFB486A-36C1-450F-B13E-E9BF63799445} = {8EB793A3-F3ED-4507-9449-7ACEA7588557}
	EndGlobalSection
	GlobalSection(ExtensibilityGlobals) = postSolution
		SolutionGuid = {4D4B9BCE-34B1-4B2B-8513-2205989087BD}
	EndGlobalSection
EndGlobal
